
Microsoft Visual Studio Solution File, Format Version 12.00
# Visual Studio 14
VisualStudioVersion = 14.0.25123.0
MinimumVisualStudioVersion = 10.0.40219.1
Project("{FAE04EC0-301F-11D3-BF4B-00C04F79EFBC}") = "Phronesis", "Phronesis\Phronesis.csproj", "{2C95001E-726D-4248-A794-A590FBDD21B5}"
EndProject
Project("{FAE04EC0-301F-11D3-BF4B-00C04F79EFBC}") = "Phronesis.Test", "Phronesis.Test\Phronesis.Test.csproj", "{10F5BD2A-0668-4071-AB68-E89A0F2D9056}"
EndProject
Global
	GlobalSection(SolutionConfigurationPlatforms) = preSolution
		Debug|Any CPU = Debug|Any CPU
		Debug|ARM = Debug|ARM
		Debug|x64 = Debug|x64
		Debug|x86 = Debug|x86
		Release|Any CPU = Release|Any CPU
		Release|ARM = Release|ARM
		Release|x64 = Release|x64
		Release|x86 = Release|x86
	EndGlobalSection
	GlobalSection(ProjectConfigurationPlatforms) = postSolution
		{2C95001E-726D-4248-A794-A590FBDD21B5}.Debug|Any CPU.ActiveCfg = Debug|Any CPU
		{2C95001E-726D-4248-A794-A590FBDD21B5}.Debug|Any CPU.Build.0 = Debug|Any CPU
		{2C95001E-726D-4248-A794-A590FBDD21B5}.Debug|ARM.ActiveCfg = Debug|ARM
		{2C95001E-726D-4248-A794-A590FBDD21B5}.Debug|ARM.Build.0 = Debug|ARM
		{2C95001E-726D-4248-A794-A590FBDD21B5}.Debug|x64.ActiveCfg = Debug|x64
		{2C95001E-726D-4248-A794-A590FBDD21B5}.Debug|x64.Build.0 = Debug|x64
		{2C95001E-726D-4248-A794-A590FBDD21B5}.Debug|x86.ActiveCfg = Debug|x86
		{2C95001E-726D-4248-A794-A590FBDD21B5}.Debug|x86.Build.0 = Debug|x86
		{2C95001E-726D-4248-A794-A590FBDD21B5}.Release|Any CPU.ActiveCfg = Release|Any CPU
		{2C95001E-726D-4248-A794-A590FBDD21B5}.Release|Any CPU.Build.0 = Release|Any CPU
		{2C95001E-726D-4248-A794-A590FBDD21B5}.Release|ARM.ActiveCfg = Release|ARM
		{2C95001E-726D-4248-A794-A590FBDD21B5}.Release|ARM.Build.0 = Release|ARM
		{2C95001E-726D-4248-A794-A590FBDD21B5}.Release|x64.ActiveCfg = Release|x64
		{2C95001E-726D-4248-A794-A590FBDD21B5}.Release|x64.Build.0 = Release|x64
		{2C95001E-726D-4248-A794-A590FBDD21B5}.Release|x86.ActiveCfg = Release|x86
		{2C95001E-726D-4248-A794-A590FBDD21B5}.Release|x86.Build.0 = Release|x86
		{10F5BD2A-0668-4071-AB68-E89A0F2D9056}.Debug|Any CPU.ActiveCfg = Debug|x86
		{10F5BD2A-0668-4071-AB68-E89A0F2D9056}.Debug|ARM.ActiveCfg = Debug|ARM
		{10F5BD2A-0668-4071-AB68-E89A0F2D9056}.Debug|ARM.Build.0 = Debug|ARM
		{10F5BD2A-0668-4071-AB68-E89A0F2D9056}.Debug|ARM.Deploy.0 = Debug|ARM
		{10F5BD2A-0668-4071-AB68-E89A0F2D9056}.Debug|x64.ActiveCfg = Debug|x64
		{10F5BD2A-0668-4071-AB68-E89A0F2D9056}.Debug|x64.Build.0 = Debug|x64
		{10F5BD2A-0668-4071-AB68-E89A0F2D9056}.Debug|x64.Deploy.0 = Debug|x64
		{10F5BD2A-0668-4071-AB68-E89A0F2D9056}.Debug|x86.ActiveCfg = Debug|x86
		{10F5BD2A-0668-4071-AB68-E89A0F2D9056}.Debug|x86.Build.0 = Debug|x86
		{10F5BD2A-0668-4071-AB68-E89A0F2D9056}.Debug|x86.Deploy.0 = Debug|x86
		{10F5BD2A-0668-4071-AB68-E89A0F2D9056}.Release|Any CPU.ActiveCfg = Release|x86
		{10F5BD2A-0668-4071-AB68-E89A0F2D9056}.Release|ARM.ActiveCfg = Release|ARM
		{10F5BD2A-0668-4071-AB68-E89A0F2D9056}.Release|ARM.Build.0 = Release|ARM
		{10F5BD2A-0668-4071-AB68-E89A0F2D9056}.Release|ARM.Deploy.0 = Release|ARM
		{10F5BD2A-0668-4071-AB68-E89A0F2D9056}.Release|x64.ActiveCfg = Release|x64
		{10F5BD2A-0668-4071-AB68-E89A0F2D9056}.Release|x64.Build.0 = Release|x64
		{10F5BD2A-0668-4071-AB68-E89A0F2D9056}.Release|x64.Deploy.0 = Release|x64
		{10F5BD2A-0668-4071-AB68-E89A0F2D9056}.Release|x86.ActiveCfg = Release|x86
		{10F5BD2A-0668-4071-AB68-E89A0F2D9056}.Release|x86.Build.0 = Release|x86
		{10F5BD2A-0668-4071-AB68-E89A0F2D9056}.Release|x86.Deploy.0 = Release|x86
	EndGlobalSection
	GlobalSection(SolutionProperties) = preSolution
		HideSolutionNode = FALSE
	EndGlobalSection
EndGlobal
